[[package]]
category = "main"
description = "Hurry! helps you run your routine commands and scripts faster."
name = "hurry"
optional = false
python-versions = "*"
version = "1.1"

[[package]]
category = "main"
description = "A simple Python library for human readable file sizes (or anything sized in bytes)."
name = "hurry.filesize"
optional = false
python-versions = "*"
version = "0.9"

[package.dependencies]
setuptools = "*"

[[package]]
category = "main"
description = "Object-oriented filesystem paths"
name = "pathlib"
optional = false
python-versions = "*"
version = "1.0.1"

[[package]]
category = "main"
description = "Cross-platform lib for process and system monitoring in Python."
name = "psutil"
optional = false
python-versions = ">=2.6, !=3.0.*, !=3.1.*, !=3.2.*, !=3.3.*"
version = "5.6.7"

[[package]]
category = "main"
description = "ANSII Color formatting for output in terminal."
name = "termcolor"
optional = false
python-versions = "*"
version = "1.1.0"

[metadata]
content-hash = "441a1e1fd6445b96ecf2d046aef1618c95d35c6500355558362ee3769a67db19"
python-versions = "^3.7"

[metadata.hashes]
hurry = ["73fee7972e843e9558c8629ea9d6b8c90ac5aa7a4d3207e98f19b70fb243a879", "9a7d0c4c8086532263a47307d9fbf3e8c0417a08217cd71af3f7faa8503ae8e1"]
"hurry.filesize" = ["f5368329adbef86accd3bc9490522340bb79260455ae89b1a42c10f63801b9a6"]
pathlib = ["6940718dfc3eff4258203ad5021090933e5c04707d5ca8cc9e73c94a7894ea9f"]
psutil = ["094f899ac3ef72422b7e00411b4ed174e3c5a2e04c267db6643937ddba67a05b", "10b7f75cc8bd676cfc6fa40cd7d5c25b3f45a0e06d43becd7c2d2871cbb5e806", "1b1575240ca9a90b437e5a40db662acd87bbf181f6aa02f0204978737b913c6b", "21231ef1c1a89728e29b98a885b8e0a8e00d09018f6da5cdc1f43f988471a995", "28f771129bfee9fc6b63d83a15d857663bbdcae3828e1cb926e91320a9b5b5cd", "70387772f84fa5c3bb6a106915a2445e20ac8f9821c5914d7cbde148f4d7ff73", "b560f5cd86cf8df7bcd258a851ca1ad98f0d5b8b98748e877a0aec4e9032b465", "b74b43fecce384a57094a83d2778cdfc2e2d9a6afaadd1ebecb2e75e0d34e10d", "e85f727ffb21539849e6012f47b12f6dd4c44965e56591d8dec6e8bc9ab96f4a", "fd2e09bb593ad9bdd7429e779699d2d47c1268cbde4dda95fcd1bd17544a0217", "ffad8eb2ac614518bbe3c0b8eb9dffdb3a8d2e3a7d5da51c5b974fb723a5c5aa"]
termcolor = ["1d6d69ce66211143803fbc56652b41d73b4a400a2891d7bf7a1cdf4c02de613b"]
